
Microsoft Visual Studio Solution File, Format Version 12.00
# Visual Studio Version 16
VisualStudioVersion = 16.0.30406.217
MinimumVisualStudioVersion = 10.0.40219.1
Project("{9A19103F-16F7-4668-BE54-9A1E7A4F7556}") = "Host", "Host\Host.csproj", "{6207780E-612D-4EE5-89FA-085433E5F3B4}"
EndProject
Project("{FAE04EC0-301F-11D3-BF4B-00C04F79EFBC}") = "Actors", "Actors\Actors.csproj", "{71CE630F-8249-4F25-8997-261137345270}"
EndProject
Project("{FAE04EC0-301F-11D3-BF4B-00C04F79EFBC}") = "Messages", "Messages\Messages.csproj", "{52A02E09-FB84-473C-B478-6BE4CABD4942}"
EndProject
Global
	GlobalSection(SolutionConfigurationPlatforms) = preSolution
		Debug|Any CPU = Debug|Any CPU
		Release|Any CPU = Release|Any CPU
	EndGlobalSection
	GlobalSection(ProjectConfigurationPlatforms) = postSolution
		{6207780E-612D-4EE5-89FA-085433E5F3B4}.Debug|Any CPU.ActiveCfg = Debug|Any CPU
		{6207780E-612D-4EE5-89FA-085433E5F3B4}.Debug|Any CPU.Build.0 = Debug|Any CPU
		{6207780E-612D-4EE5-89FA-085433E5F3B4}.Release|Any CPU.ActiveCfg = Release|Any CPU
		{6207780E-612D-4EE5-89FA-085433E5F3B4}.Release|Any CPU.Build.0 = Release|Any CPU
		{71CE630F-8249-4F25-8997-261137345270}.Debug|Any CPU.ActiveCfg = Debug|Any CPU
		{71CE630F-8249-4F25-8997-261137345270}.Debug|Any CPU.Build.0 = Debug|Any CPU
		{71CE630F-8249-4F25-8997-261137345270}.Release|Any CPU.ActiveCfg = Release|Any CPU
		{71CE630F-8249-4F25-8997-261137345270}.Release|Any CPU.Build.0 = Release|Any CPU
		{52A02E09-FB84-473C-B478-6BE4CABD4942}.Debug|Any CPU.ActiveCfg = Debug|Any CPU
		{52A02E09-FB84-473C-B478-6BE4CABD4942}.Debug|Any CPU.Build.0 = Debug|Any CPU
		{52A02E09-FB84-473C-B478-6BE4CABD4942}.Release|Any CPU.ActiveCfg = Release|Any CPU
		{52A02E09-FB84-473C-B478-6BE4CABD4942}.Release|Any CPU.Build.0 = Release|Any CPU
	EndGlobalSection
	GlobalSection(SolutionProperties) = preSolution
		HideSolutionNode = FALSE
	EndGlobalSection
	GlobalSection(ExtensibilityGlobals) = postSolution
		SolutionGuid = {A442EC41-DE94-40BB-9856-F74365780926}
	EndGlobalSection
EndGlobal
